
Microsoft Visual Studio Solution File, Format Version 12.00
# Visual Studio 14
VisualStudioVersion = 14.0.23107.0
MinimumVisualStudioVersion = 10.0.40219.1
Project("{FAE04EC0-301F-11D3-BF4B-00C04F79EFBC}") = "Reproducer", "Reproducer\Reproducer.csproj", "{CE5940F1-980E-4A87-AE36-804CD82F2496}"
EndProject
Project("{E24C65DC-7377-472B-9ABA-BC803B73C61A}") = "HttpHandlerWebSite", "HttpHandlerWebSite\", "{36E38D3F-CE2E-4F01-87CB-F76F68A059B1}"
	ProjectSection(WebsiteProperties) = preProject
		TargetFrameworkMoniker = ".NETFramework,Version%3Dv4.5.1"
		Debug.AspNetCompiler.VirtualPath = "/localhost_14398"
		Debug.AspNetCompiler.PhysicalPath = "HttpHandlerWebSite\"
		Debug.AspNetCompiler.TargetPath = "PrecompiledWeb\localhost_14398\"
		Debug.AspNetCompiler.Updateable = "true"
		Debug.AspNetCompiler.ForceOverwrite = "true"
		Debug.AspNetCompiler.FixedNames = "false"
		Debug.AspNetCompiler.Debug = "True"
		Release.AspNetCompiler.VirtualPath = "/localhost_14398"
		Release.AspNetCompiler.PhysicalPath = "HttpHandlerWebSite\"
		Release.AspNetCompiler.TargetPath = "PrecompiledWeb\localhost_14398\"
		Release.AspNetCompiler.Updateable = "true"
		Release.AspNetCompiler.ForceOverwrite = "true"
		Release.AspNetCompiler.FixedNames = "false"
		Release.AspNetCompiler.Debug = "False"
		VWDPort = "14398"
		SlnRelativePath = "HttpHandlerWebSite\"
	EndProjectSection
EndProject
Global
	GlobalSection(SolutionConfigurationPlatforms) = preSolution
		Debug|Any CPU = Debug|Any CPU
		Release|Any CPU = Release|Any CPU
	EndGlobalSection
	GlobalSection(ProjectConfigurationPlatforms) = postSolution
		{CE5940F1-980E-4A87-AE36-804CD82F2496}.Debug|Any CPU.ActiveCfg = Debug|Any CPU
		{CE5940F1-980E-4A87-AE36-804CD82F2496}.Debug|Any CPU.Build.0 = Debug|Any CPU
		{CE5940F1-980E-4A87-AE36-804CD82F2496}.Release|Any CPU.ActiveCfg = Release|Any CPU
		{CE5940F1-980E-4A87-AE36-804CD82F2496}.Release|Any CPU.Build.0 = Release|Any CPU
		{36E38D3F-CE2E-4F01-87CB-F76F68A059B1}.Debug|Any CPU.ActiveCfg = Debug|Any CPU
		{36E38D3F-CE2E-4F01-87CB-F76F68A059B1}.Debug|Any CPU.Build.0 = Debug|Any CPU
		{36E38D3F-CE2E-4F01-87CB-F76F68A059B1}.Release|Any CPU.ActiveCfg = Debug|Any CPU
		{36E38D3F-CE2E-4F01-87CB-F76F68A059B1}.Release|Any CPU.Build.0 = Debug|Any CPU
	EndGlobalSection
	GlobalSection(SolutionProperties) = preSolution
		HideSolutionNode = FALSE
	EndGlobalSection
EndGlobal
